<?xml version="1.0" encoding="utf-8"?>
<Project ToolsVersion="4.0" xmlns="http://schemas.microsoft.com/developer/msbuild/2003">
  <ItemGroup>
    <Filter Include="资源文件">
      <UniqueIdentifier>{67DA6AB6-F800-4c08-8B7A-83BB121AAD01}</UniqueIdentifier>
      <Extensions>rc;ico;cur;bmp;dlg;rc2;rct;bin;rgs;gif;jpg;jpeg;jpe;resx;tiff;tif;png;wav;mfcribbon-ms</Extensions>
    </Filter>
    <Filter Include="source">
      <UniqueIdentifier>{55153dc2-724b-4b1f-985a-956ffbab13e3}</UniqueIdentifier>
    </Filter>
    <Filter Include="wrapper">
      <UniqueIdentifier>{4a427827-34ad-4db0-b102-e55eadeabffa}</UniqueIdentifier>
    </Filter>
  </ItemGroup>
  <ItemGroup>
    <ClInclude Include="include\CLM.h">
      <Filter>source</Filter>
    </ClInclude>
    <ClInclude Include="include\FCheck.h">
      <Filter>source</Filter>
    </ClInclude>
    <ClInclude Include="include\FDet.h">
      <Filter>source</Filter>
    </ClInclude>
    <ClInclude Include="include\IO.h">
      <Filter>source</Filter>
    </ClInclude>
    <ClInclude Include="include\Patch.h">
      <Filter>source</Filter>
    </ClInclude>
    <ClInclude Include="include\PAW.h">
      <Filter>source</Filter>
    </ClInclude>
    <ClInclude Include="include\PDM.h">
      <Filter>source</Filter>
    </ClInclude>
    <ClInclude Include="include\Tracker.h">
      <Filter>source</Filter>
    </ClInclude>
    <ClInclude Include="cgeFaceTracker.h">
      <Filter>wrapper</Filter>
    </ClInclude>
    <ClInclude Include="cgeStaticAssert.h">
      <Filter>wrapper</Filter>
    </ClInclude>
    <ClInclude Include="cgeVec.h">
      <Filter>wrapper</Filter>
    </ClInclude>
  </ItemGroup>
  <ItemGroup>
    <ClCompile Include="cgeFaceTracker.cpp">
      <Filter>wrapper</Filter>
    </ClCompile>
    <ClCompile Include="src\CLM.cpp">
      <Filter>source</Filter>
    </ClCompile>
    <ClCompile Include="src\FCheck.cpp">
      <Filter>source</Filter>
    </ClCompile>
    <ClCompile Include="src\FDet.cpp">
      <Filter>source</Filter>
    </ClCompile>
    <ClCompile Include="src\IO.cpp">
      <Filter>source</Filter>
    </ClCompile>
    <ClCompile Include="src\Patch.cpp">
      <Filter>source</Filter>
    </ClCompile>
    <ClCompile Include="src\PAW.cpp">
      <Filter>source</Filter>
    </ClCompile>
    <ClCompile Include="src\PDM.cpp">
      <Filter>source</Filter>
    </ClCompile>
    <ClCompile Include="src\Tracker.cpp">
      <Filter>source</Filter>
    </ClCompile>
  </ItemGroup>
  <ItemGroup>
    <None Include="model\face.con" />
    <None Include="model\face.tracker" />
    <None Include="model\face.tri" />
    <None Include="model\face2.tracker" />
  </ItemGroup>
</Project>