
Microsoft Visual Studio Solution File, Format Version 12.00
# Visual Studio 14
VisualStudioVersion = 14.0.25123.0
MinimumVisualStudioVersion = 10.0.40219.1
Project("{8BC9CEB8-8B4A-11D0-8D11-00A0C91BC942}") = "singleThreadDemo", "ege-opencv\ege-opencv.vcxproj", "{8FEB5AD8-63EB-4F3E-A23E-1135C02574A5}"
	ProjectSection(ProjectDependencies) = postProject
		{400E5EBC-2196-4848-AF80-49BBA24A59BA} = {400E5EBC-2196-4848-AF80-49BBA24A59BA}
	EndProjectSection
EndProject
Project("{8BC9CEB8-8B4A-11D0-8D11-00A0C91BC942}") = "faceTracker", "faceTracker\faceTracker.vcxproj", "{400E5EBC-2196-4848-AF80-49BBA24A59BA}"
EndProject
Project("{8BC9CEB8-8B4A-11D0-8D11-00A0C91BC942}") = "multiThreadDemo", "multiThreadDemo\multiThreadDemo.vcxproj", "{1F36A58A-80A9-4FA0-A383-340A14259689}"
	ProjectSection(ProjectDependencies) = postProject
		{400E5EBC-2196-4848-AF80-49BBA24A59BA} = {400E5EBC-2196-4848-AF80-49BBA24A59BA}
	EndProjectSection
EndProject
Global
	GlobalSection(SolutionConfigurationPlatforms) = preSolution
		Debug|Win32 = Debug|Win32
		Debug|x64 = Debug|x64
		Release|Win32 = Release|Win32
		Release|x64 = Release|x64
	EndGlobalSection
	GlobalSection(ProjectConfigurationPlatforms) = postSolution
		{8FEB5AD8-63EB-4F3E-A23E-1135C02574A5}.Debug|Win32.ActiveCfg = Debug|Win32
		{8FEB5AD8-63EB-4F3E-A23E-1135C02574A5}.Debug|Win32.Build.0 = Debug|Win32
		{8FEB5AD8-63EB-4F3E-A23E-1135C02574A5}.Debug|x64.ActiveCfg = Debug|Win32
		{8FEB5AD8-63EB-4F3E-A23E-1135C02574A5}.Release|Win32.ActiveCfg = Release|Win32
		{8FEB5AD8-63EB-4F3E-A23E-1135C02574A5}.Release|Win32.Build.0 = Release|Win32
		{8FEB5AD8-63EB-4F3E-A23E-1135C02574A5}.Release|x64.ActiveCfg = Release|Win32
		{400E5EBC-2196-4848-AF80-49BBA24A59BA}.Debug|Win32.ActiveCfg = Debug|Win32
		{400E5EBC-2196-4848-AF80-49BBA24A59BA}.Debug|Win32.Build.0 = Debug|Win32
		{400E5EBC-2196-4848-AF80-49BBA24A59BA}.Debug|x64.ActiveCfg = Debug|Win32
		{400E5EBC-2196-4848-AF80-49BBA24A59BA}.Release|Win32.ActiveCfg = Release|Win32
		{400E5EBC-2196-4848-AF80-49BBA24A59BA}.Release|Win32.Build.0 = Release|Win32
		{400E5EBC-2196-4848-AF80-49BBA24A59BA}.Release|x64.ActiveCfg = Release|Win32
		{1F36A58A-80A9-4FA0-A383-340A14259689}.Debug|Win32.ActiveCfg = Debug|Win32
		{1F36A58A-80A9-4FA0-A383-340A14259689}.Debug|Win32.Build.0 = Debug|Win32
		{1F36A58A-80A9-4FA0-A383-340A14259689}.Debug|x64.ActiveCfg = Debug|x64
		{1F36A58A-80A9-4FA0-A383-340A14259689}.Debug|x64.Build.0 = Debug|x64
		{1F36A58A-80A9-4FA0-A383-340A14259689}.Release|Win32.ActiveCfg = Release|Win32
		{1F36A58A-80A9-4FA0-A383-340A14259689}.Release|Win32.Build.0 = Release|Win32
		{1F36A58A-80A9-4FA0-A383-340A14259689}.Release|x64.ActiveCfg = Release|x64
		{1F36A58A-80A9-4FA0-A383-340A14259689}.Release|x64.Build.0 = Release|x64
	EndGlobalSection
	GlobalSection(SolutionProperties) = preSolution
		HideSolutionNode = FALSE
	EndGlobalSection
EndGlobal
